
Microsoft Visual Studio Solution File, Format Version 12.00
# Visual Studio Version 16
VisualStudioVersion = 16.0.30503.244
MinimumVisualStudioVersion = 10.0.40219.1
Project("{FAE04EC0-301F-11D3-BF4B-00C04F79EFBC}") = "ScooterRental", "ScooterRental\ScooterRental.csproj", "{792DA319-6F55-4D1D-90B1-F0AA29D2E176}"
EndProject
Global
	GlobalSection(SolutionConfigurationPlatforms) = preSolution
		Debug|Any CPU = Debug|Any CPU
		Release|Any CPU = Release|Any CPU
	EndGlobalSection
	GlobalSection(ProjectConfigurationPlatforms) = postSolution
		{792DA319-6F55-4D1D-90B1-F0AA29D2E176}.Debug|Any CPU.ActiveCfg = Debug|Any CPU
		{792DA319-6F55-4D1D-90B1-F0AA29D2E176}.Debug|Any CPU.Build.0 = Debug|Any CPU
		{792DA319-6F55-4D1D-90B1-F0AA29D2E176}.Release|Any CPU.ActiveCfg = Release|Any CPU
		{792DA319-6F55-4D1D-90B1-F0AA29D2E176}.Release|Any CPU.Build.0 = Release|Any CPU
	EndGlobalSection
	GlobalSection(SolutionProperties) = preSolution
		HideSolutionNode = FALSE
	EndGlobalSection
	GlobalSection(ExtensibilityGlobals) = postSolution
		SolutionGuid = {2C3D225C-7021-4483-BAC4-C092448D3B8C}
	EndGlobalSection
EndGlobal
