
Microsoft Visual Studio Solution File, Format Version 12.00
# Visual Studio Version 16
VisualStudioVersion = 16.0.30503.244
MinimumVisualStudioVersion = 10.0.40219.1
Project("{9A19103F-16F7-4668-BE54-9A1E7A4F7556}") = "Domain.Interfaces", "Domain.Interfaces\Domain.Interfaces.csproj", "{4E18143B-F37E-4BD4-9E4A-D3E484BD6D7C}"
EndProject
Project("{9A19103F-16F7-4668-BE54-9A1E7A4F7556}") = "Domain.Models", "Domain.Models\Domain.Models.csproj", "{DF560FE6-C09A-4416-A7F7-44E51ABEA7E4}"
EndProject
Project("{9A19103F-16F7-4668-BE54-9A1E7A4F7556}") = "Domain.Services", "Domain.Services\Domain.Services.csproj", "{2D350DFD-C70B-4A85-BEEE-A3EE9EE7ADF1}"
EndProject
Project("{9A19103F-16F7-4668-BE54-9A1E7A4F7556}") = "Infrastructure.Data", "Infrastructure.Data\Infrastructure.Data.csproj", "{AEF1402A-6257-41A8-BCB6-FA64B276E42A}"
EndProject
Project("{9A19103F-16F7-4668-BE54-9A1E7A4F7556}") = "Infrastructure.IoC", "Infrastructure.IoC\Infrastructure.IoC.csproj", "{DD23F0A9-7332-400C-936F-A44289CA7B5F}"
EndProject
Project("{9A19103F-16F7-4668-BE54-9A1E7A4F7556}") = "Presentation.API", "Presentation.API\Presentation.API.csproj", "{4417FD9D-6B62-49A2-8538-FD90FD3F0907}"
EndProject
Project("{FAE04EC0-301F-11D3-BF4B-00C04F79EFBC}") = "AzureFunction.Tracking", "AzureFunction.Tracking\AzureFunction.Tracking.csproj", "{DD3A52E0-1278-481E-97D2-0D7F59A50368}"
EndProject
Global
	GlobalSection(SolutionConfigurationPlatforms) = preSolution
		Debug|Any CPU = Debug|Any CPU
		Release|Any CPU = Release|Any CPU
	EndGlobalSection
	GlobalSection(ProjectConfigurationPlatforms) = postSolution
		{4E18143B-F37E-4BD4-9E4A-D3E484BD6D7C}.Debug|Any CPU.ActiveCfg = Debug|Any CPU
		{4E18143B-F37E-4BD4-9E4A-D3E484BD6D7C}.Debug|Any CPU.Build.0 = Debug|Any CPU
		{4E18143B-F37E-4BD4-9E4A-D3E484BD6D7C}.Release|Any CPU.ActiveCfg = Release|Any CPU
		{4E18143B-F37E-4BD4-9E4A-D3E484BD6D7C}.Release|Any CPU.Build.0 = Release|Any CPU
		{DF560FE6-C09A-4416-A7F7-44E51ABEA7E4}.Debug|Any CPU.ActiveCfg = Debug|Any CPU
		{DF560FE6-C09A-4416-A7F7-44E51ABEA7E4}.Debug|Any CPU.Build.0 = Debug|Any CPU
		{DF560FE6-C09A-4416-A7F7-44E51ABEA7E4}.Release|Any CPU.ActiveCfg = Release|Any CPU
		{DF560FE6-C09A-4416-A7F7-44E51ABEA7E4}.Release|Any CPU.Build.0 = Release|Any CPU
		{2D350DFD-C70B-4A85-BEEE-A3EE9EE7ADF1}.Debug|Any CPU.ActiveCfg = Debug|Any CPU
		{2D350DFD-C70B-4A85-BEEE-A3EE9EE7ADF1}.Debug|Any CPU.Build.0 = Debug|Any CPU
		{2D350DFD-C70B-4A85-BEEE-A3EE9EE7ADF1}.Release|Any CPU.ActiveCfg = Release|Any CPU
		{2D350DFD-C70B-4A85-BEEE-A3EE9EE7ADF1}.Release|Any CPU.Build.0 = Release|Any CPU
		{AEF1402A-6257-41A8-BCB6-FA64B276E42A}.Debug|Any CPU.ActiveCfg = Debug|Any CPU
		{AEF1402A-6257-41A8-BCB6-FA64B276E42A}.Debug|Any CPU.Build.0 = Debug|Any CPU
		{AEF1402A-6257-41A8-BCB6-FA64B276E42A}.Release|Any CPU.ActiveCfg = Release|Any CPU
		{AEF1402A-6257-41A8-BCB6-FA64B276E42A}.Release|Any CPU.Build.0 = Release|Any CPU
		{DD23F0A9-7332-400C-936F-A44289CA7B5F}.Debug|Any CPU.ActiveCfg = Debug|Any CPU
		{DD23F0A9-7332-400C-936F-A44289CA7B5F}.Debug|Any CPU.Build.0 = Debug|Any CPU
		{DD23F0A9-7332-400C-936F-A44289CA7B5F}.Release|Any CPU.ActiveCfg = Release|Any CPU
		{DD23F0A9-7332-400C-936F-A44289CA7B5F}.Release|Any CPU.Build.0 = Release|Any CPU
		{4417FD9D-6B62-49A2-8538-FD90FD3F0907}.Debug|Any CPU.ActiveCfg = Debug|Any CPU
		{4417FD9D-6B62-49A2-8538-FD90FD3F0907}.Debug|Any CPU.Build.0 = Debug|Any CPU
		{4417FD9D-6B62-49A2-8538-FD90FD3F0907}.Release|Any CPU.ActiveCfg = Release|Any CPU
		{4417FD9D-6B62-49A2-8538-FD90FD3F0907}.Release|Any CPU.Build.0 = Release|Any CPU
		{DD3A52E0-1278-481E-97D2-0D7F59A50368}.Debug|Any CPU.ActiveCfg = Debug|Any CPU
		{DD3A52E0-1278-481E-97D2-0D7F59A50368}.Debug|Any CPU.Build.0 = Debug|Any CPU
		{DD3A52E0-1278-481E-97D2-0D7F59A50368}.Release|Any CPU.ActiveCfg = Release|Any CPU
		{DD3A52E0-1278-481E-97D2-0D7F59A50368}.Release|Any CPU.Build.0 = Release|Any CPU
	EndGlobalSection
	GlobalSection(SolutionProperties) = preSolution
		HideSolutionNode = FALSE
	EndGlobalSection
	GlobalSection(ExtensibilityGlobals) = postSolution
		SolutionGuid = {20B62237-94FD-44C3-B0F8-42A5DC647068}
	EndGlobalSection
EndGlobal
